// !$*UTF8*$!
{
	archiveVersion = 1;
	classes = {
	};
	objectVersion = 56;
	objects = {

/* Begin PBXBuildFile section */
		C7ABE25B2B63D0A100B107FA /* AppDelegate.m in Sources */ = {isa = PBXBuildFile; fileRef = C7ABE25A2B63D0A100B107FA /* AppDelegate.m */; };
		C7ABE25E2B63D0A100B107FA /* ViewController.m in Sources */ = {isa = PBXBuildFile; fileRef = C7ABE25D2B63D0A100B107FA /* ViewController.m */; };
		C7ABE2602B63D0A200B107FA /* Assets.xcassets in Resources */ = {isa = PBXBuildFile; fileRef = C7ABE25F2B63D0A200B107FA /* Assets.xcassets */; };
		C7ABE2632B63D0A200B107FA /* Main.storyboard in Resources */ = {isa = PBXBuildFile; fileRef = C7ABE2612B63D0A200B107FA /* Main.storyboard */; };
		C7ABE2652B63D0A200B107FA /* main.m in Sources */ = {isa = PBXBuildFile; fileRef = C7ABE2642B63D0A200B107FA /* main.m */; };
		C7ABE2702B63D0A200B107FA /* TestTests.m in Sources */ = {isa = PBXBuildFile; fileRef = C7ABE26F2B63D0A200B107FA /* TestTests.m */; };
		C7ABE27A2B63D0A200B107FA /* TestUITests.m in Sources */ = {isa = PBXBuildFile; fileRef = C7ABE2792B63D0A200B107FA /* TestUITests.m */; };
		C7ABE27C2B63D0A200B107FA /* TestUITestsLaunchTests.m in Sources */ = {isa = PBXBuildFile; fileRef = C7ABE27B2B63D0A200B107FA /* TestUITestsLaunchTests.m */; };
/* End PBXBuildFile section */

/* Begin PBXContainerItemProxy section */
		C7ABE26C2B63D0A200B107FA /* PBXContainerItemProxy */ = {
			isa = PBXContainerItemProxy;
			containerPortal = C7ABE24E2B63D0A000B107FA /* Project object */;
			proxyType = 1;
			remoteGlobalIDString = C7ABE2552B63D0A100B107FA;
			remoteInfo = Test;
		};
		C7ABE2762B63D0A200B107FA /* PBXContainerItemProxy */ = {
			isa = PBXContainerItemProxy;
			containerPortal = C7ABE24E2B63D0A000B107FA /* Project object */;
			proxyType = 1;
			remoteGlobalIDString = C7ABE2552B63D0A100B107FA;
			remoteInfo = Test;
		};
/* End PBXContainerItemProxy section */

/* Begin PBXFileReference section */
		C7ABE2562B63D0A100B107FA /* Test.app */ = {isa = PBXFileReference; explicitFileType = wrapper.application; includeInIndex = 0; path = Test.app; sourceTree = BUILT_PRODUCTS_DIR; };
		C7ABE2592B63D0A100B107FA /* AppDelegate.h */ = {isa = PBXFileReference; lastKnownFileType = sourcecode.c.h; path = AppDelegate.h; sourceTree = "<group>"; };
		C7ABE25A2B63D0A100B107FA /* AppDelegate.m */ = {isa = PBXFileReference; lastKnownFileType = sourcecode.c.objc; path = AppDelegate.m; sourceTree = "<group>"; };
		C7ABE25C2B63D0A100B107FA /* ViewController.h */ = {isa = PBXFileReference; lastKnownFileType = sourcecode.c.h; path = ViewController.h; sourceTree = "<group>"; };
		C7ABE25D2B63D0A100B107FA /* ViewController.m */ = {isa = PBXFileReference; lastKnownFileType = sourcecode.c.objc; path = ViewController.m; sourceTree = "<group>"; };
		C7ABE25F2B63D0A200B107FA /* Assets.xcassets */ = {isa = PBXFileReference; lastKnownFileType = folder.assetcatalog; path = Assets.xcassets; sourceTree = "<group>"; };
		C7ABE2622B63D0A200B107FA /* Base */ = {isa = PBXFileReference; lastKnownFileType = file.storyboard; name = Base; path = Base.lproj/Main.storyboard; sourceTree = "<group>"; };
		C7ABE2642B63D0A200B107FA /* main.m */ = {isa = PBXFileReference; lastKnownFileType = sourcecode.c.objc; path = main.m; sourceTree = "<group>"; };
		C7ABE2662B63D0A200B107FA /* Test.entitlements */ = {isa = PBXFileReference; lastKnownFileType = text.plist.entitlements; path = Test.entitlements; sourceTree = "<group>"; };
		C7ABE26B2B63D0A200B107FA /* TestTests.xctest */ = {isa = PBXFileReference; explicitFileType = wrapper.cfbundle; includeInIndex = 0; path = TestTests.xctest; sourceTree = BUILT_PRODUCTS_DIR; };
		C7ABE26F2B63D0A200B107FA /* TestTests.m */ = {isa = PBXFileReference; lastKnownFileType = sourcecode.c.objc; path = TestTests.m; sourceTree = "<group>"; };
		C7ABE2752B63D0A200B107FA /* TestUITests.xctest */ = {isa = PBXFileReference; explicitFileType = wrapper.cfbundle; includeInIndex = 0; path = TestUITests.xctest; sourceTree = BUILT_PRODUCTS_DIR; };
		C7ABE2792B63D0A200B107FA /* TestUITests.m */ = {isa = PBXFileReference; lastKnownFileType = sourcecode.c.objc; path = TestUITests.m; sourceTree = "<group>"; };
		C7ABE27B2B63D0A200B107FA /* TestUITestsLaunchTests.m */ = {isa = PBXFileReference; lastKnownFileType = sourcecode.c.objc; path = TestUITestsLaunchTests.m; sourceTree = "<group>"; };
/* End PBXFileReference section */

/* Begin PBXFrameworksBuildPhase section */
		C7ABE2532B63D0A100B107FA /* Frameworks */ = {
			isa = PBXFrameworksBuildPhase;
			buildActionMask = 2147483647;
			files = (
			);
			runOnlyForDeploymentPostprocessing = 0;
		};
		C7ABE2682B63D0A200B107FA /* Frameworks */ = {
			isa = PBXFrameworksBuildPhase;
			buildActionMask = 2147483647;
			files = (
			);
			runOnlyForDeploymentPostprocessing = 0;
		};
		C7ABE2722B63D0A200B107FA /* Frameworks */ = {
			isa = PBXFrameworksBuildPhase;
			buildActionMask = 2147483647;
			files = (
			);
			runOnlyForDeploymentPostprocessing = 0;
		};
/* End PBXFrameworksBuildPhase section */

/* Begin PBXGroup section */
		C7ABE24D2B63D0A000B107FA = {
			isa = PBXGroup;
			children = (
				C7ABE2582B63D0A100B107FA /* Test */,
				C7ABE26E2B63D0A200B107FA /* TestTests */,
				C7ABE2782B63D0A200B107FA /* TestUITests */,
				C7ABE2572B63D0A100B107FA /* Products */,
			);
			sourceTree = "<group>";
		};
		C7ABE2572B63D0A100B107FA /* Products */ = {
			isa = PBXGroup;
			children = (
				C7ABE2562B63D0A100B107FA /* Test.app */,
				C7ABE26B2B63D0A200B107FA /* TestTests.xctest */,
				C7ABE2752B63D0A200B107FA /* TestUITests.xctest */,
			);
			name = Products;
			sourceTree = "<group>";
		};
		C7ABE2582B63D0A100B107FA /* Test */ = {
			isa = PBXGroup;
			children = (
				C7ABE2592B63D0A100B107FA /* AppDelegate.h */,
				C7ABE25A2B63D0A100B107FA /* AppDelegate.m */,
				C7ABE25C2B63D0A100B107FA /* ViewController.h */,
				C7ABE25D2B63D0A100B107FA /* ViewController.m */,
				C7ABE25F2B63D0A200B107FA /* Assets.xcassets */,
				C7ABE2612B63D0A200B107FA /* Main.storyboard */,
				C7ABE2642B63D0A200B107FA /* main.m */,
				C7ABE2662B63D0A200B107FA /* Test.entitlements */,
			);
			path = Test;
			sourceTree = "<group>";
		};
		C7ABE26E2B63D0A200B107FA /* TestTests */ = {
			isa = PBXGroup;
			children = (
				C7ABE26F2B63D0A200B107FA /* TestTests.m */,
			);
			path = TestTests;
			sourceTree = "<group>";
		};
		C7ABE2782B63D0A200B107FA /* TestUITests */ = {
			isa = PBXGroup;
			children = (
				C7ABE2792B63D0A200B107FA /* TestUITests.m */,
				C7ABE27B2B63D0A200B107FA /* TestUITestsLaunchTests.m */,
			);
			path = TestUITests;
			sourceTree = "<group>";
		};
/* End PBXGroup section */

/* Begin PBXNativeTarget section */
		C7ABE2552B63D0A100B107FA /* Test */ = {
			isa = PBXNativeTarget;
			buildConfigurationList = C7ABE27F2B63D0A200B107FA /* Build configuration list for PBXNativeTarget "Test" */;
			buildPhases = (
				C7ABE2522B63D0A100B107FA /* Sources */,
				C7ABE2532B63D0A100B107FA /* Frameworks */,
				C7ABE2542B63D0A100B107FA /* Resources */,
			);
			buildRules = (
			);
			dependencies = (
			);
			name = Test;
			productName = Test;
			productReference = C7ABE2562B63D0A100B107FA /* Test.app */;
			productType = "com.apple.product-type.application";
		};
		C7ABE26A2B63D0A200B107FA /* TestTests */ = {
			isa = PBXNativeTarget;
			buildConfigurationList = C7ABE2822B63D0A200B107FA /* Build configuration list for PBXNativeTarget "TestTests" */;
			buildPhases = (
				C7ABE2672B63D0A200B107FA /* Sources */,
				C7ABE2682B63D0A200B107FA /* Frameworks */,
				C7ABE2692B63D0A200B107FA /* Resources */,
			);
			buildRules = (
			);
			dependencies = (
				C7ABE26D2B63D0A200B107FA /* PBXTargetDependency */,
			);
			name = TestTests;
			productName = TestTests;
			productReference = C7ABE26B2B63D0A200B107FA /* TestTests.xctest */;
			productType = "com.apple.product-type.bundle.unit-test";
		};
		C7ABE2742B63D0A200B107FA /* TestUITests */ = {
			isa = PBXNativeTarget;
			buildConfigurationList = C7ABE2852B63D0A200B107FA /* Build configuration list for PBXNativeTarget "TestUITests" */;
			buildPhases = (
				C7ABE2712B63D0A200B107FA /* Sources */,
				C7ABE2722B63D0A200B107FA /* Frameworks */,
				C7ABE2732B63D0A200B107FA /* Resources */,
			);
			buildRules = (
			);
			dependencies = (
				C7ABE2772B63D0A200B107FA /* PBXTargetDependency */,
			);
			name = TestUITests;
			productName = TestUITests;
			productReference = C7ABE2752B63D0A200B107FA /* TestUITests.xctest */;
			productType = "com.apple.product-type.bundle.ui-testing";
		};
/* End PBXNativeTarget section */

/* Begin PBXProject section */
		C7ABE24E2B63D0A000B107FA /* Project object */ = {
			isa = PBXProject;
			attributes = {
				BuildIndependentTargetsInParallel = 1;
				LastUpgradeCheck = 1510;
				TargetAttributes = {
					C7ABE2552B63D0A100B107FA = {
						CreatedOnToolsVersion = 15.1;
					};
					C7ABE26A2B63D0A200B107FA = {
						CreatedOnToolsVersion = 15.1;
						TestTargetID = C7ABE2552B63D0A100B107FA;
					};
					C7ABE2742B63D0A200B107FA = {
						CreatedOnToolsVersion = 15.1;
						TestTargetID = C7ABE2552B63D0A100B107FA;
					};
				};
			};
			buildConfigurationList = C7ABE2512B63D0A000B107FA /* Build configuration list for PBXProject "Test" */;
			compatibilityVersion = "Xcode 14.0";
			developmentRegion = en;
			hasScannedForEncodings = 0;
			knownRegions = (
				en,
				Base,
			);
			mainGroup = C7ABE24D2B63D0A000B107FA;
			productRefGroup = C7ABE2572B63D0A100B107FA /* Products */;
			projectDirPath = "";
			projectRoot = "";
			targets = (
				C7ABE2552B63D0A100B107FA /* Test */,
				C7ABE26A2B63D0A200B107FA /* TestTests */,
				C7ABE2742B63D0A200B107FA /* TestUITests */,
			);
		};
/* End PBXProject section */

/* Begin PBXResourcesBuildPhase section */
		C7ABE2542B63D0A100B107FA /* Resources */ = {
			isa = PBXResourcesBuildPhase;
			buildActionMask = 2147483647;
			files = (
				C7ABE2602B63D0A200B107FA /* Assets.xcassets in Resources */,
				C7ABE2632B63D0A200B107FA /* Main.storyboard in Resources */,
			);
			runOnlyForDeploymentPostprocessing = 0;
		};
		C7ABE2692B63D0A200B107FA /* Resources */ = {
			isa = PBXResourcesBuildPhase;
			buildActionMask = 2147483647;
			files = (
			);
			runOnlyForDeploymentPostprocessing = 0;
		};
		C7ABE2732B63D0A200B107FA /* Resources */ = {
			isa = PBXResourcesBuildPhase;
			buildActionMask = 2147483647;
			files = (
			);
			runOnlyForDeploymentPostprocessing = 0;
		};
/* End PBXResourcesBuildPhase section */

/* Begin PBXSourcesBuildPhase section */
		C7ABE2522B63D0A100B107FA /* Sources */ = {
			isa = PBXSourcesBuildPhase;
			buildActionMask = 2147483647;
			files = (
				C7ABE25E2B63D0A100B107FA /* ViewController.m in Sources */,
				C7ABE2652B63D0A200B107FA /* main.m in Sources */,
				C7ABE25B2B63D0A100B107FA /* AppDelegate.m in Sources */,
			);
			runOnlyForDeploymentPostprocessing = 0;
		};
		C7ABE2672B63D0A200B107FA /* Sources */ = {
			isa = PBXSourcesBuildPhase;
			buildActionMask = 2147483647;
			files = (
				C7ABE2702B63D0A200B107FA /* TestTests.m in Sources */,
			);
			runOnlyForDeploymentPostprocessing = 0;
		};
		C7ABE2712B63D0A200B107FA /* Sources */ = {
			isa = PBXSourcesBuildPhase;
			buildActionMask = 2147483647;
			files = (
				C7ABE27C2B63D0A200B107FA /* TestUITestsLaunchTests.m in Sources */,
				C7ABE27A2B63D0A200B107FA /* TestUITests.m in Sources */,
			);
			runOnlyForDeploymentPostprocessing = 0;
		};
/* End PBXSourcesBuildPhase section */

/* Begin PBXTargetDependency section */
		C7ABE26D2B63D0A200B107FA /* PBXTargetDependency */ = {
			isa = PBXTargetDependency;
			target = C7ABE2552B63D0A100B107FA /* Test */;
			targetProxy = C7ABE26C2B63D0A200B107FA /* PBXContainerItemProxy */;
		};
		C7ABE2772B63D0A200B107FA /* PBXTargetDependency */ = {
			isa = PBXTargetDependency;
			target = C7ABE2552B63D0A100B107FA /* Test */;
			targetProxy = C7ABE2762B63D0A200B107FA /* PBXContainerItemProxy */;
		};
/* End PBXTargetDependency section */

/* Begin PBXVariantGroup section */
		C7ABE2612B63D0A200B107FA /* Main.storyboard */ = {
			isa = PBXVariantGroup;
			children = (
				C7ABE2622B63D0A200B107FA /* Base */,
			);
			name = Main.storyboard;
			sourceTree = "<group>";
		};
/* End PBXVariantGroup section */

/* Begin XCBuildConfiguration section */
		C7ABE27D2B63D0A200B107FA /* Debug */ = {
			isa = XCBuildConfiguration;
			buildSettings = {
				ALWAYS_SEARCH_USER_PATHS = NO;
				ASSETCATALOG_COMPILER_GENERATE_SWIFT_ASSET_SYMBOL_EXTENSIONS = YES;
				CLANG_ANALYZER_NONNULL = YES;
				CLANG_ANALYZER_NUMBER_OBJECT_CONVERSION = YES_AGGRESSIVE;
				CLANG_CXX_LANGUAGE_STANDARD = "gnu++20";
				CLANG_ENABLE_MODULES = YES;
				CLANG_ENABLE_OBJC_ARC = YES;
				CLANG_ENABLE_OBJC_WEAK = YES;
				CLANG_WARN_BLOCK_CAPTURE_AUTORELEASING = YES;
				CLANG_WARN_BOOL_CONVERSION = YES;
				CLANG_WARN_COMMA = YES;
				CLANG_WARN_CONSTANT_CONVERSION = YES;
				CLANG_WARN_DEPRECATED_OBJC_IMPLEMENTATIONS = YES;
				CLANG_WARN_DIRECT_OBJC_ISA_USAGE = YES_ERROR;
				CLANG_WARN_DOCUMENTATION_COMMENTS = YES;
				CLANG_WARN_EMPTY_BODY = YES;
				CLANG_WARN_ENUM_CONVERSION = YES;
				CLANG_WARN_INFINITE_RECURSION = YES;
				CLANG_WARN_INT_CONVERSION = YES;
				CLANG_WARN_NON_LITERAL_NULL_CONVERSION = YES;
				CLANG_WARN_OBJC_IMPLICIT_RETAIN_SELF = YES;
				CLANG_WARN_OBJC_LITERAL_CONVERSION = YES;
				CLANG_WARN_OBJC_ROOT_CLASS = YES_ERROR;
				CLANG_WARN_QUOTED_INCLUDE_IN_FRAMEWORK_HEADER = YES;
				CLANG_WARN_RANGE_LOOP_ANALYSIS = YES;
				CLANG_WARN_STRICT_PROTOTYPES = YES;
				CLANG_WARN_SUSPICIOUS_MOVE = YES;
				CLANG_WARN_UNGUARDED_AVAILABILITY = YES_AGGRESSIVE;
				CLANG_WARN_UNREACHABLE_CODE = YES;
				CLANG_WARN__DUPLICATE_METHOD_MATCH = YES;
				COPY_PHASE_STRIP = NO;
				DEBUG_INFORMATION_FORMAT = dwarf;
				ENABLE_STRICT_OBJC_MSGSEND = YES;
				ENABLE_TESTABILITY = YES;
				ENABLE_USER_SCRIPT_SANDBOXING = YES;
				GCC_C_LANGUAGE_STANDARD = gnu17;
				GCC_DYNAMIC_NO_PIC = NO;
				GCC_NO_COMMON_BLOCKS = YES;
				GCC_OPTIMIZATION_LEVEL = 0;
				GCC_PREPROCESSOR_DEFINITIONS = (
					"DEBUG=1",
					"$(inherited)",
				);
				GCC_WARN_64_TO_32_BIT_CONVERSION = YES;
				GCC_WARN_ABOUT_RETURN_TYPE = YES_ERROR;
				GCC_WARN_UNDECLARED_SELECTOR = YES;
				GCC_WARN_UNINITIALIZED_AUTOS = YES_AGGRESSIVE;
				GCC_WARN_UNUSED_FUNCTION = YES;
				GCC_WARN_UNUSED_VARIABLE = YES;
				LOCALIZATION_PREFERS_STRING_CATALOGS = YES;
				MACOSX_DEPLOYMENT_TARGET = 14.2;
				MTL_ENABLE_DEBUG_INFO = INCLUDE_SOURCE;
				MTL_FAST_MATH = YES;
				ONLY_ACTIVE_ARCH = YES;
				SDKROOT = macosx;
			};
			name = Debug;
		};
		C7ABE27E2B63D0A200B107FA /* Release */ = {
			isa = XCBuildConfiguration;
			buildSettings = {
				ALWAYS_SEARCH_USER_PATHS = NO;
				ASSETCATALOG_COMPILER_GENERATE_SWIFT_ASSET_SYMBOL_EXTENSIONS = YES;
				CLANG_ANALYZER_NONNULL = YES;
				CLANG_ANALYZER_NUMBER_OBJECT_CONVERSION = YES_AGGRESSIVE;
				CLANG_CXX_LANGUAGE_STANDARD = "gnu++20";
				CLANG_ENABLE_MODULES = YES;
				CLANG_ENABLE_OBJC_ARC = YES;
				CLANG_ENABLE_OBJC_WEAK = YES;
				CLANG_WARN_BLOCK_CAPTURE_AUTORELEASING = YES;
				CLANG_WARN_BOOL_CONVERSION = YES;
				CLANG_WARN_COMMA = YES;
				CLANG_WARN_CONSTANT_CONVERSION = YES;
				CLANG_WARN_DEPRECATED_OBJC_IMPLEMENTATIONS = YES;
				CLANG_WARN_DIRECT_OBJC_ISA_USAGE = YES_ERROR;
				CLANG_WARN_DOCUMENTATION_COMMENTS = YES;
				CLANG_WARN_EMPTY_BODY = YES;
				CLANG_WARN_ENUM_CONVERSION = YES;
				CLANG_WARN_INFINITE_RECURSION = YES;
				CLANG_WARN_INT_CONVERSION = YES;
				CLANG_WARN_NON_LITERAL_NULL_CONVERSION = YES;
				CLANG_WARN_OBJC_IMPLICIT_RETAIN_SELF = YES;
				CLANG_WARN_OBJC_LITERAL_CONVERSION = YES;
				CLANG_WARN_OBJC_ROOT_CLASS = YES_ERROR;
				CLANG_WARN_QUOTED_INCLUDE_IN_FRAMEWORK_HEADER = YES;
				CLANG_WARN_RANGE_LOOP_ANALYSIS = YES;
				CLANG_WARN_STRICT_PROTOTYPES = YES;
				CLANG_WARN_SUSPICIOUS_MOVE = YES;
				CLANG_WARN_UNGUARDED_AVAILABILITY = YES_AGGRESSIVE;
				CLANG_WARN_UNREACHABLE_CODE = YES;
				CLANG_WARN__DUPLICATE_METHOD_MATCH = YES;
				COPY_PHASE_STRIP = NO;
				DEBUG_INFORMATION_FORMAT = "dwarf-with-dsym";
				ENABLE_NS_ASSERTIONS = NO;
				ENABLE_STRICT_OBJC_MSGSEND = YES;
				ENABLE_USER_SCRIPT_SANDBOXING = YES;
				GCC_C_LANGUAGE_STANDARD = gnu17;
				GCC_NO_COMMON_BLOCKS = YES;
				GCC_WARN_64_TO_32_BIT_CONVERSION = YES;
				GCC_WARN_ABOUT_RETURN_TYPE = YES_ERROR;
				GCC_WARN_UNDECLARED_SELECTOR = YES;
				GCC_WARN_UNINITIALIZED_AUTOS = YES_AGGRESSIVE;
				GCC_WARN_UNUSED_FUNCTION = YES;
				GCC_WARN_UNUSED_VARIABLE = YES;
				LOCALIZATION_PREFERS_STRING_CATALOGS = YES;
				MACOSX_DEPLOYMENT_TARGET = 14.2;
				MTL_ENABLE_DEBUG_INFO = NO;
				MTL_FAST_MATH = YES;
				SDKROOT = macosx;
			};
			name = Release;
		};
		C7ABE2802B63D0A200B107FA /* Debug */ = {
			isa = XCBuildConfiguration;
			buildSettings = {
				ASSETCATALOG_COMPILER_APPICON_NAME = AppIcon;
				ASSETCATALOG_COMPILER_GLOBAL_ACCENT_COLOR_NAME = AccentColor;
				CODE_SIGN_ENTITLEMENTS = Test/Test.entitlements;
				CODE_SIGN_STYLE = Automatic;
				COMBINE_HIDPI_IMAGES = YES;
				CURRENT_PROJECT_VERSION = 1;
				DEVELOPMENT_TEAM = DK3DNWK64E;
				ENABLE_HARDENED_RUNTIME = YES;
				GENERATE_INFOPLIST_FILE = YES;
				INFOPLIST_KEY_NSHumanReadableCopyright = "";
				INFOPLIST_KEY_NSMainStoryboardFile = Main;
				INFOPLIST_KEY_NSPrincipalClass = NSApplication;
				LD_RUNPATH_SEARCH_PATHS = (
					"$(inherited)",
					"@executable_path/../Frameworks",
				);
				MARKETING_VERSION = 1.0;
				PRODUCT_BUNDLE_IDENTIFIER = com.zluof.Test;
				PRODUCT_NAME = "$(TARGET_NAME)";
				SUPPORTED_PLATFORMS = "iphoneos iphonesimulator";
				SUPPORTS_MACCATALYST = NO;
				SWIFT_EMIT_LOC_STRINGS = YES;
				TARGETED_DEVICE_FAMILY = 1;
			};
			name = Debug;
		};
		C7ABE2812B63D0A200B107FA /* Release */ = {
			isa = XCBuildConfiguration;
			buildSettings = {
				ASSETCATALOG_COMPILER_APPICON_NAME = AppIcon;
				ASSETCATALOG_COMPILER_GLOBAL_ACCENT_COLOR_NAME = AccentColor;
				CODE_SIGN_ENTITLEMENTS = Test/Test.entitlements;
				CODE_SIGN_STYLE = Automatic;
				COMBINE_HIDPI_IMAGES = YES;
				CURRENT_PROJECT_VERSION = 1;
				DEVELOPMENT_TEAM = DK3DNWK64E;
				ENABLE_HARDENED_RUNTIME = YES;
				GENERATE_INFOPLIST_FILE = YES;
				INFOPLIST_KEY_NSHumanReadableCopyright = "";
				INFOPLIST_KEY_NSMainStoryboardFile = Main;
				INFOPLIST_KEY_NSPrincipalClass = NSApplication;
				LD_RUNPATH_SEARCH_PATHS = (
					"$(inherited)",
					"@executable_path/../Frameworks",
				);
				MARKETING_VERSION = 1.0;
				PRODUCT_BUNDLE_IDENTIFIER = com.zluof.Test;
				PRODUCT_NAME = "$(TARGET_NAME)";
				SUPPORTED_PLATFORMS = "iphoneos iphonesimulator";
				SUPPORTS_MACCATALYST = NO;
				SWIFT_EMIT_LOC_STRINGS = YES;
				TARGETED_DEVICE_FAMILY = 1;
			};
			name = Release;
		};
		C7ABE2832B63D0A200B107FA /* Debug */ = {
			isa = XCBuildConfiguration;
			buildSettings = {
				BUNDLE_LOADER = "$(TEST_HOST)";
				CODE_SIGN_STYLE = Automatic;
				CURRENT_PROJECT_VERSION = 1;
				DEVELOPMENT_TEAM = DK3DNWK64E;
				GENERATE_INFOPLIST_FILE = YES;
				MACOSX_DEPLOYMENT_TARGET = 14.2;
				MARKETING_VERSION = 1.0;
				PRODUCT_BUNDLE_IDENTIFIER = com.zluof.TestTests;
				PRODUCT_NAME = "$(TARGET_NAME)";
				SWIFT_EMIT_LOC_STRINGS = NO;
				TEST_HOST = "$(BUILT_PRODUCTS_DIR)/Test.app/$(BUNDLE_EXECUTABLE_FOLDER_PATH)/Test";
			};
			name = Debug;
		};
		C7ABE2842B63D0A200B107FA /* Release */ = {
			isa = XCBuildConfiguration;
			buildSettings = {
				BUNDLE_LOADER = "$(TEST_HOST)";
				CODE_SIGN_STYLE = Automatic;
				CURRENT_PROJECT_VERSION = 1;
				DEVELOPMENT_TEAM = DK3DNWK64E;
				GENERATE_INFOPLIST_FILE = YES;
				MACOSX_DEPLOYMENT_TARGET = 14.2;
				MARKETING_VERSION = 1.0;
				PRODUCT_BUNDLE_IDENTIFIER = com.zluof.TestTests;
				PRODUCT_NAME = "$(TARGET_NAME)";
				SWIFT_EMIT_LOC_STRINGS = NO;
				TEST_HOST = "$(BUILT_PRODUCTS_DIR)/Test.app/$(BUNDLE_EXECUTABLE_FOLDER_PATH)/Test";
			};
			name = Release;
		};
		C7ABE2862B63D0A200B107FA /* Debug */ = {
			isa = XCBuildConfiguration;
			buildSettings = {
				CODE_SIGN_STYLE = Automatic;
				CURRENT_PROJECT_VERSION = 1;
				DEVELOPMENT_TEAM = DK3DNWK64E;
				GENERATE_INFOPLIST_FILE = YES;
				MARKETING_VERSION = 1.0;
				PRODUCT_BUNDLE_IDENTIFIER = com.zluof.TestUITests;
				PRODUCT_NAME = "$(TARGET_NAME)";
				SWIFT_EMIT_LOC_STRINGS = NO;
				TEST_TARGET_NAME = Test;
			};
			name = Debug;
		};
		C7ABE2872B63D0A200B107FA /* Release */ = {
			isa = XCBuildConfiguration;
			buildSettings = {
				CODE_SIGN_STYLE = Automatic;
				CURRENT_PROJECT_VERSION = 1;
				DEVELOPMENT_TEAM = DK3DNWK64E;
				GENERATE_INFOPLIST_FILE = YES;
				MARKETING_VERSION = 1.0;
				PRODUCT_BUNDLE_IDENTIFIER = com.zluof.TestUITests;
				PRODUCT_NAME = "$(TARGET_NAME)";
				SWIFT_EMIT_LOC_STRINGS = NO;
				TEST_TARGET_NAME = Test;
			};
			name = Release;
		};
/* End XCBuildConfiguration section */

/* Begin XCConfigurationList section */
		C7ABE2512B63D0A000B107FA /* Build configuration list for PBXProject "Test" */ = {
			isa = XCConfigurationList;
			buildConfigurations = (
				C7ABE27D2B63D0A200B107FA /* Debug */,
				C7ABE27E2B63D0A200B107FA /* Release */,
			);
			defaultConfigurationIsVisible = 0;
			defaultConfigurationName = Release;
		};
		C7ABE27F2B63D0A200B107FA /* Build configuration list for PBXNativeTarget "Test" */ = {
			isa = XCConfigurationList;
			buildConfigurations = (
				C7ABE2802B63D0A200B107FA /* Debug */,
				C7ABE2812B63D0A200B107FA /* Release */,
			);
			defaultConfigurationIsVisible = 0;
			defaultConfigurationName = Release;
		};
		C7ABE2822B63D0A200B107FA /* Build configuration list for PBXNativeTarget "TestTests" */ = {
			isa = XCConfigurationList;
			buildConfigurations = (
				C7ABE2832B63D0A200B107FA /* Debug */,
				C7ABE2842B63D0A200B107FA /* Release */,
			);
			defaultConfigurationIsVisible = 0;
			defaultConfigurationName = Release;
		};
		C7ABE2852B63D0A200B107FA /* Build configuration list for PBXNativeTarget "TestUITests" */ = {
			isa = XCConfigurationList;
			buildConfigurations = (
				C7ABE2862B63D0A200B107FA /* Debug */,
				C7ABE2872B63D0A200B107FA /* Release */,
			);
			defaultConfigurationIsVisible = 0;
			defaultConfigurationName = Release;
		};
/* End XCConfigurationList section */
	};
	rootObject = C7ABE24E2B63D0A000B107FA /* Project object */;
}
